
Microsoft Visual Studio Solution File, Format Version 12.00
# Visual Studio Version 17
VisualStudioVersion = 17.8.34330.188
MinimumVisualStudioVersion = 10.0.40219.1
Project("{FAE04EC0-301F-11D3-BF4B-00C04F79EFBC}") = "ApiClientesProdutosOracle", "ApiClientesProdutosOracle\ApiClientesProdutosOracle.csproj", "{0A648C16-D38A-4103-BDA1-085A096F4B20}"
EndProject
Global
	GlobalSection(SolutionConfigurationPlatforms) = preSolution
		Debug|Any CPU = Debug|Any CPU
		Release|Any CPU = Release|Any CPU
	EndGlobalSection
	GlobalSection(ProjectConfigurationPlatforms) = postSolution
		{0A648C16-D38A-4103-BDA1-085A096F4B20}.Debug|Any CPU.ActiveCfg = Debug|Any CPU
		{0A648C16-D38A-4103-BDA1-085A096F4B20}.Debug|Any CPU.Build.0 = Debug|Any CPU
		{0A648C16-D38A-4103-BDA1-085A096F4B20}.Release|Any CPU.ActiveCfg = Release|Any CPU
		{0A648C16-D38A-4103-BDA1-085A096F4B20}.Release|Any CPU.Build.0 = Release|Any CPU
	EndGlobalSection
	GlobalSection(SolutionProperties) = preSolution
		HideSolutionNode = FALSE
	EndGlobalSection
	GlobalSection(ExtensibilityGlobals) = postSolution
		SolutionGuid = {59CB2C00-4043-4FF0-9E80-86693E6EC6CD}
	EndGlobalSection
EndGlobal
